
Microsoft Visual Studio Solution File, Format Version 12.00
# Visual Studio Version 17
VisualStudioVersion = 17.2.32516.85
MinimumVisualStudioVersion = 10.0.40219.1
Project("{9A19103F-16F7-4668-BE54-9A1E7A4F7556}") = "RavelDev.Discord.Bot", "RavelDev.Discord.Bot\RavelDev.Discord.Bot.csproj", "{3E3DD4F7-3D40-4D9B-B6D8-326A104999EE}"
EndProject
Project("{9A19103F-16F7-4668-BE54-9A1E7A4F7556}") = "RavelDev.Discord.Bot.Core", "RavelDev.Discord.Bot.Core\RavelDev.Discord.Bot.Core.csproj", "{A08DC1C4-6C0B-4E94-9DE1-9895FF1DDC7F}"
EndProject
Project("{9A19103F-16F7-4668-BE54-9A1E7A4F7556}") = "RavelDev.Discord.Bot.Entity", "RavelDev.Discord.Bot.Entity\RavelDev.Discord.Bot.Entity.csproj", "{50E78036-6F5F-44A1-A827-E8EC7655A9A9}"
EndProject
Project("{9A19103F-16F7-4668-BE54-9A1E7A4F7556}") = "RavelDev.Spotify", "..\dotnet\RavelDev.Spotify\RavelDev.Spotify.csproj", "{2AD1CF26-E22D-4478-B663-E9CED805CA5B}"
EndProject
Project("{FAE04EC0-301F-11D3-BF4B-00C04F79EFBC}") = "RavelDev.Discord.Bot.Sql", "RavelDev.Discord.Bot.Sql\RavelDev.Discord.Bot.Sql.csproj", "{ADF149BB-8C7A-4A16-9507-407C267753D4}"
EndProject
Global
	GlobalSection(SolutionConfigurationPlatforms) = preSolution
		Debug|Any CPU = Debug|Any CPU
		Release|Any CPU = Release|Any CPU
	EndGlobalSection
	GlobalSection(ProjectConfigurationPlatforms) = postSolution
		{3E3DD4F7-3D40-4D9B-B6D8-326A104999EE}.Debug|Any CPU.ActiveCfg = Debug|Any CPU
		{3E3DD4F7-3D40-4D9B-B6D8-326A104999EE}.Debug|Any CPU.Build.0 = Debug|Any CPU
		{3E3DD4F7-3D40-4D9B-B6D8-326A104999EE}.Release|Any CPU.ActiveCfg = Release|Any CPU
		{3E3DD4F7-3D40-4D9B-B6D8-326A104999EE}.Release|Any CPU.Build.0 = Release|Any CPU
		{A08DC1C4-6C0B-4E94-9DE1-9895FF1DDC7F}.Debug|Any CPU.ActiveCfg = Debug|Any CPU
		{A08DC1C4-6C0B-4E94-9DE1-9895FF1DDC7F}.Debug|Any CPU.Build.0 = Debug|Any CPU
		{A08DC1C4-6C0B-4E94-9DE1-9895FF1DDC7F}.Release|Any CPU.ActiveCfg = Release|Any CPU
		{A08DC1C4-6C0B-4E94-9DE1-9895FF1DDC7F}.Release|Any CPU.Build.0 = Release|Any CPU
		{50E78036-6F5F-44A1-A827-E8EC7655A9A9}.Debug|Any CPU.ActiveCfg = Debug|Any CPU
		{50E78036-6F5F-44A1-A827-E8EC7655A9A9}.Debug|Any CPU.Build.0 = Debug|Any CPU
		{50E78036-6F5F-44A1-A827-E8EC7655A9A9}.Release|Any CPU.ActiveCfg = Release|Any CPU
		{50E78036-6F5F-44A1-A827-E8EC7655A9A9}.Release|Any CPU.Build.0 = Release|Any CPU
		{2AD1CF26-E22D-4478-B663-E9CED805CA5B}.Debug|Any CPU.ActiveCfg = Debug|Any CPU
		{2AD1CF26-E22D-4478-B663-E9CED805CA5B}.Debug|Any CPU.Build.0 = Debug|Any CPU
		{2AD1CF26-E22D-4478-B663-E9CED805CA5B}.Release|Any CPU.ActiveCfg = Release|Any CPU
		{2AD1CF26-E22D-4478-B663-E9CED805CA5B}.Release|Any CPU.Build.0 = Release|Any CPU
		{ADF149BB-8C7A-4A16-9507-407C267753D4}.Debug|Any CPU.ActiveCfg = Debug|Any CPU
		{ADF149BB-8C7A-4A16-9507-407C267753D4}.Debug|Any CPU.Build.0 = Debug|Any CPU
		{ADF149BB-8C7A-4A16-9507-407C267753D4}.Release|Any CPU.ActiveCfg = Release|Any CPU
		{ADF149BB-8C7A-4A16-9507-407C267753D4}.Release|Any CPU.Build.0 = Release|Any CPU
	EndGlobalSection
	GlobalSection(SolutionProperties) = preSolution
		HideSolutionNode = FALSE
	EndGlobalSection
	GlobalSection(ExtensibilityGlobals) = postSolution
		SolutionGuid = {D757A896-39E6-4EDF-B44A-4ABD736A901A}
	EndGlobalSection
EndGlobal
